lockfileVersion: '9.0'

settings:
  autoInstallPeers: true
  excludeLinksFromLockfile: false

importers:

  .:
    dependencies:
      '@stomp/stompjs':
        specifier: ^7.1.1
        version: 7.1.1
      ws:
        specifier: ^8.18.2
        version: 8.18.2

packages:

  '@stomp/stompjs@7.1.1':
    resolution: {integrity: sha512-chcDs6YkAnKp1FqzwhGvh3i7v0+/ytzqWdKYw6XzINEKAzke/iD00dNgFPWSZEqktHOK+C1gSzXhLkLbARIaZw==}

  ws@8.18.2:
    resolution: {integrity: sha512-DMricUmwGZUVr++AEAe2uiVM7UoO9MAVZMDu05UQOaUII0lp+zOzLLU4Xqh/JvTqklB1T4uELaaPBKyjE1r4fQ==}
    engines: {node: '>=10.0.0'}
    peerDependencies:
      bufferutil: ^4.0.1
      utf-8-validate: '>=5.0.2'
    peerDependenciesMeta:
      bufferutil:
        optional: true
      utf-8-validate:
        optional: true

snapshots:

  '@stomp/stompjs@7.1.1': {}

  ws@8.18.2: {}
